
Microsoft Visual Studio Solution File, Format Version 12.00
# Visual Studio Version 17
VisualStudioVersion = 17.12.35527.113
MinimumVisualStudioVersion = 10.0.40219.1
Project("{FAE04EC0-301F-11D3-BF4B-00C04F79EFBC}") = "LanguageBasicsExercises", "InheritanceExercises\LanguageBasicsExercises.csproj", "{B36F4962-2231-4D78-B69A-5145733AA20A}"
EndProject
Project("{FAE04EC0-301F-11D3-BF4B-00C04F79EFBC}") = "LeetCode", "LeetCode\LeetCode.csproj", "{93482595-F64B-4A09-9ADD-6725D87A995C}"
EndProject
Project("{2150E333-8FDC-42A3-9474-1A3956D46DE8}") = "Solution Items", "Solution Items", "{ABF11079-AADB-4B87-80E4-42D1204BE23E}"
	ProjectSection(SolutionItems) = preProject
		.editorconfig = .editorconfig
	EndProjectSection
EndProject
Global
	GlobalSection(SolutionConfigurationPlatforms) = preSolution
		Debug|Any CPU = Debug|Any CPU
		Release|Any CPU = Release|Any CPU
	EndGlobalSection
	GlobalSection(ProjectConfigurationPlatforms) = postSolution
		{B36F4962-2231-4D78-B69A-5145733AA20A}.Debug|Any CPU.ActiveCfg = Debug|Any CPU
		{B36F4962-2231-4D78-B69A-5145733AA20A}.Debug|Any CPU.Build.0 = Debug|Any CPU
		{B36F4962-2231-4D78-B69A-5145733AA20A}.Release|Any CPU.ActiveCfg = Release|Any CPU
		{B36F4962-2231-4D78-B69A-5145733AA20A}.Release|Any CPU.Build.0 = Release|Any CPU
		{93482595-F64B-4A09-9ADD-6725D87A995C}.Debug|Any CPU.ActiveCfg = Debug|Any CPU
		{93482595-F64B-4A09-9ADD-6725D87A995C}.Debug|Any CPU.Build.0 = Debug|Any CPU
		{93482595-F64B-4A09-9ADD-6725D87A995C}.Release|Any CPU.ActiveCfg = Release|Any CPU
		{93482595-F64B-4A09-9ADD-6725D87A995C}.Release|Any CPU.Build.0 = Release|Any CPU
	EndGlobalSection
	GlobalSection(SolutionProperties) = preSolution
		HideSolutionNode = FALSE
	EndGlobalSection
EndGlobal
